
Microsoft Visual Studio Solution File, Format Version 12.00
# Visual Studio Version 16
VisualStudioVersion = 16.0.29324.140
MinimumVisualStudioVersion = 10.0.40219.1
Project("{FAE04EC0-301F-11D3-BF4B-00C04F79EFBC}") = "Trainr.Web", "Trainr.Web\Trainr.Web.csproj", "{01BD75ED-35F5-480D-9B17-22BFDDF74D19}"
EndProject
Project("{FAE04EC0-301F-11D3-BF4B-00C04F79EFBC}") = "Trainr.Tests", "Trainr.Tests\Trainr.Tests.csproj", "{D11D234A-4E86-4268-8064-600F9F2CDC6A}"
EndProject
Global
	GlobalSection(SolutionConfigurationPlatforms) = preSolution
		Debug|Any CPU = Debug|Any CPU
		Release|Any CPU = Release|Any CPU
	EndGlobalSection
	GlobalSection(ProjectConfigurationPlatforms) = postSolution
		{01BD75ED-35F5-480D-9B17-22BFDDF74D19}.Debug|Any CPU.ActiveCfg = Debug|Any CPU
		{01BD75ED-35F5-480D-9B17-22BFDDF74D19}.Debug|Any CPU.Build.0 = Debug|Any CPU
		{01BD75ED-35F5-480D-9B17-22BFDDF74D19}.Release|Any CPU.ActiveCfg = Release|Any CPU
		{01BD75ED-35F5-480D-9B17-22BFDDF74D19}.Release|Any CPU.Build.0 = Release|Any CPU
		{D11D234A-4E86-4268-8064-600F9F2CDC6A}.Debug|Any CPU.ActiveCfg = Debug|Any CPU
		{D11D234A-4E86-4268-8064-600F9F2CDC6A}.Debug|Any CPU.Build.0 = Debug|Any CPU
		{D11D234A-4E86-4268-8064-600F9F2CDC6A}.Release|Any CPU.ActiveCfg = Release|Any CPU
		{D11D234A-4E86-4268-8064-600F9F2CDC6A}.Release|Any CPU.Build.0 = Release|Any CPU
	EndGlobalSection
	GlobalSection(SolutionProperties) = preSolution
		HideSolutionNode = FALSE
	EndGlobalSection
	GlobalSection(ExtensibilityGlobals) = postSolution
		SolutionGuid = {4B9CD989-7774-4830-832F-052F87EB1E27}
	EndGlobalSection
EndGlobal
